
Microsoft Visual Studio Solution File, Format Version 11.00
# Visual Studio 2010
Project("{FAE04EC0-301F-11D3-BF4B-00C04F79EFBC}") = "ColorTest", "Assembly-CSharp.csproj", "{D679FDBC-B7CE-ED3E-FBEC-258C30909555}"
EndProject
Project("{FAE04EC0-301F-11D3-BF4B-00C04F79EFBC}") = "ColorTest", "Assembly-CSharp-Editor.csproj", "{8261D9A3-9CC3-1FB6-50D4-8460A293F93A}"
EndProject
Global
	GlobalSection(SolutionConfigurationPlatforms) = preSolution
		Debug|Any CPU = Debug|Any CPU
		Release|Any CPU = Release|Any CPU
	EndGlobalSection
	GlobalSection(ProjectConfigurationPlatforms) = postSolution
		{D679FDBC-B7CE-ED3E-FBEC-258C30909555}.Debug|Any CPU.ActiveCfg = Debug|Any CPU
		{D679FDBC-B7CE-ED3E-FBEC-258C30909555}.Debug|Any CPU.Build.0 = Debug|Any CPU
		{D679FDBC-B7CE-ED3E-FBEC-258C30909555}.Release|Any CPU.ActiveCfg = Release|Any CPU
		{D679FDBC-B7CE-ED3E-FBEC-258C30909555}.Release|Any CPU.Build.0 = Release|Any CPU
		{8261D9A3-9CC3-1FB6-50D4-8460A293F93A}.Debug|Any CPU.ActiveCfg = Debug|Any CPU
		{8261D9A3-9CC3-1FB6-50D4-8460A293F93A}.Debug|Any CPU.Build.0 = Debug|Any CPU
		{8261D9A3-9CC3-1FB6-50D4-8460A293F93A}.Release|Any CPU.ActiveCfg = Release|Any CPU
		{8261D9A3-9CC3-1FB6-50D4-8460A293F93A}.Release|Any CPU.Build.0 = Release|Any CPU
	EndGlobalSection
	GlobalSection(SolutionProperties) = preSolution
		HideSolutionNode = FALSE
	EndGlobalSection
	GlobalSection(MonoDevelopProperties) = preSolution
		StartupItem = Assembly-CSharp.csproj
	EndGlobalSection
EndGlobal
